
Microsoft Visual Studio Solution File, Format Version 12.00
# Visual Studio Version 16
VisualStudioVersion = 16.0.30804.86
MinimumVisualStudioVersion = 10.0.40219.1
Project("{FAE04EC0-301F-11D3-BF4B-00C04F79EFBC}") = "Polimorfism_Inheritance_Exercise", "Polimorfism_Inheritance_Exercise.csproj", "{EBA27846-9965-4C32-AFDE-B2170F838E1B}"
EndProject
Global
	GlobalSection(SolutionConfigurationPlatforms) = preSolution
		Debug|Any CPU = Debug|Any CPU
		Release|Any CPU = Release|Any CPU
	EndGlobalSection
	GlobalSection(ProjectConfigurationPlatforms) = postSolution
		{EBA27846-9965-4C32-AFDE-B2170F838E1B}.Debug|Any CPU.ActiveCfg = Debug|Any CPU
		{EBA27846-9965-4C32-AFDE-B2170F838E1B}.Debug|Any CPU.Build.0 = Debug|Any CPU
		{EBA27846-9965-4C32-AFDE-B2170F838E1B}.Release|Any CPU.ActiveCfg = Release|Any CPU
		{EBA27846-9965-4C32-AFDE-B2170F838E1B}.Release|Any CPU.Build.0 = Release|Any CPU
	EndGlobalSection
	GlobalSection(SolutionProperties) = preSolution
		HideSolutionNode = FALSE
	EndGlobalSection
	GlobalSection(ExtensibilityGlobals) = postSolution
		SolutionGuid = {92A4CAF2-78C9-4A4F-AF98-6B6E2E74F6C5}
	EndGlobalSection
EndGlobal
